
Microsoft Visual Studio Solution File, Format Version 12.00
# Visual Studio Version 17
VisualStudioVersion = 17.7.34018.315
MinimumVisualStudioVersion = 10.0.40219.1
Project("{FAE04EC0-301F-11D3-BF4B-00C04F79EFBC}") = "SOS App", "SOS App\SOS App.csproj", "{A6AF37DF-1591-4A99-8929-D9F084EBB3BE}"
EndProject
Global
	GlobalSection(SolutionConfigurationPlatforms) = preSolution
		Debug|Any CPU = Debug|Any CPU
		Release|Any CPU = Release|Any CPU
	EndGlobalSection
	GlobalSection(ProjectConfigurationPlatforms) = postSolution
		{A6AF37DF-1591-4A99-8929-D9F084EBB3BE}.Debug|Any CPU.ActiveCfg = Debug|Any CPU
		{A6AF37DF-1591-4A99-8929-D9F084EBB3BE}.Debug|Any CPU.Build.0 = Debug|Any CPU
		{A6AF37DF-1591-4A99-8929-D9F084EBB3BE}.Release|Any CPU.ActiveCfg = Release|Any CPU
		{A6AF37DF-1591-4A99-8929-D9F084EBB3BE}.Release|Any CPU.Build.0 = Release|Any CPU
	EndGlobalSection
	GlobalSection(SolutionProperties) = preSolution
		HideSolutionNode = FALSE
	EndGlobalSection
	GlobalSection(ExtensibilityGlobals) = postSolution
		SolutionGuid = {488B393C-9ACE-4869-869B-96F1268FBB79}
	EndGlobalSection
EndGlobal
